// !$*UTF8*$!
{
	archiveVersion = 1;
	classes = {
	};
	objectVersion = 55;
	objects = {

/* Begin PBXBuildFile section */
		31CDAB512755634300481DB0 /* Tests_iOS.swift in Sources */ = {isa = PBXBuildFile; fileRef = 31CDAB502755634300481DB0 /* Tests_iOS.swift */; };
		31CDAB532755634300481DB0 /* Tests_iOSLaunchTests.swift in Sources */ = {isa = PBXBuildFile; fileRef = 31CDAB522755634300481DB0 /* Tests_iOSLaunchTests.swift */; };
		31CDAB5D2755634300481DB0 /* Tests_macOS.swift in Sources */ = {isa = PBXBuildFile; fileRef = 31CDAB5C2755634300481DB0 /* Tests_macOS.swift */; };
		31CDAB5F2755634300481DB0 /* Tests_macOSLaunchTests.swift in Sources */ = {isa = PBXBuildFile; fileRef = 31CDAB5E2755634300481DB0 /* Tests_macOSLaunchTests.swift */; };
		31CDAB602755634300481DB0 /* HollyDB.xcdatamodeld in Sources */ = {isa = PBXBuildFile; fileRef = 31CDAB352755633C00481DB0 /* HollyDB.xcdatamodeld */; };
		31CDAB612755634300481DB0 /* HollyDB.xcdatamodeld in Sources */ = {isa = PBXBuildFile; fileRef = 31CDAB352755633C00481DB0 /* HollyDB.xcdatamodeld */; };
		31CDAB622755634300481DB0 /* HollyDBApp.swift in Sources */ = {isa = PBXBuildFile; fileRef = 31CDAB372755633C00481DB0 /* HollyDBApp.swift */; };
		31CDAB632755634300481DB0 /* HollyDBApp.swift in Sources */ = {isa = PBXBuildFile; fileRef = 31CDAB372755633C00481DB0 /* HollyDBApp.swift */; };
		31CDAB642755634300481DB0 /* MovieSearchView.swift in Sources */ = {isa = PBXBuildFile; fileRef = 31CDAB382755633C00481DB0 /* MovieSearchView.swift */; };
		31CDAB652755634300481DB0 /* MovieSearchView.swift in Sources */ = {isa = PBXBuildFile; fileRef = 31CDAB382755633C00481DB0 /* MovieSearchView.swift */; };
		31CDAB662755634300481DB0 /* Persistence.swift in Sources */ = {isa = PBXBuildFile; fileRef = 31CDAB392755633C00481DB0 /* Persistence.swift */; };
		31CDAB672755634300481DB0 /* Persistence.swift in Sources */ = {isa = PBXBuildFile; fileRef = 31CDAB392755633C00481DB0 /* Persistence.swift */; };
		31CDAB682755634300481DB0 /* Assets.xcassets in Resources */ = {isa = PBXBuildFile; fileRef = 31CDAB3A2755634300481DB0 /* Assets.xcassets */; };
		31CDAB692755634300481DB0 /* Assets.xcassets in Resources */ = {isa = PBXBuildFile; fileRef = 31CDAB3A2755634300481DB0 /* Assets.xcassets */; };
		31CDAB7E275565FA00481DB0 /* MovieSearchViewModel.swift in Sources */ = {isa = PBXBuildFile; fileRef = 31CDAB7D275565FA00481DB0 /* MovieSearchViewModel.swift */; };
		31CDAB802755663500481DB0 /* ExampleView.swift in Sources */ = {isa = PBXBuildFile; fileRef = 31CDAB7F2755663500481DB0 /* ExampleView.swift */; };
/* End PBXBuildFile section */

/* Begin PBXContainerItemProxy section */
		31CDAB4D2755634300481DB0 /* PBXContainerItemProxy */ = {
			isa = PBXContainerItemProxy;
			containerPortal = 31CDAB302755633B00481DB0 /* Project object */;
			proxyType = 1;
			remoteGlobalIDString = 31CDAB3E2755634300481DB0;
			remoteInfo = "HollyDB (iOS)";
		};
		31CDAB592755634300481DB0 /* PBXContainerItemProxy */ = {
			isa = PBXContainerItemProxy;
			containerPortal = 31CDAB302755633B00481DB0 /* Project object */;
			proxyType = 1;
			remoteGlobalIDString = 31CDAB442755634300481DB0;
			remoteInfo = "HollyDB (macOS)";
		};
/* End PBXContainerItemProxy section */

/* Begin PBXFileReference section */
		31CDAB362755633C00481DB0 /* Shared.xcdatamodel */ = {isa = PBXFileReference; lastKnownFileType = wrapper.xcdatamodel; path = Shared.xcdatamodel; sourceTree = "<group>"; };
		31CDAB372755633C00481DB0 /* HollyDBApp.swift */ = {isa = PBXFileReference; lastKnownFileType = sourcecode.swift; path = HollyDBApp.swift; sourceTree = "<group>"; };
		31CDAB382755633C00481DB0 /* MovieSearchView.swift */ = {isa = PBXFileReference; lastKnownFileType = sourcecode.swift; path = MovieSearchView.swift; sourceTree = "<group>"; };
		31CDAB392755633C00481DB0 /* Persistence.swift */ = {isa = PBXFileReference; lastKnownFileType = sourcecode.swift; path = Persistence.swift; sourceTree = "<group>"; };
		31CDAB3A2755634300481DB0 /* Assets.xcassets */ = {isa = PBXFileReference; lastKnownFileType = folder.assetcatalog; path = Assets.xcassets; sourceTree = "<group>"; };
		31CDAB3F2755634300481DB0 /* HollyDB.app */ = {isa = PBXFileReference; explicitFileType = wrapper.application; includeInIndex = 0; path = HollyDB.app; sourceTree = BUILT_PRODUCTS_DIR; };
		31CDAB452755634300481DB0 /* HollyDB.app */ = {isa = PBXFileReference; explicitFileType = wrapper.application; includeInIndex = 0; path = HollyDB.app; sourceTree = BUILT_PRODUCTS_DIR; };
		31CDAB472755634300481DB0 /* macOS.entitlements */ = {isa = PBXFileReference; lastKnownFileType = text.plist.entitlements; path = macOS.entitlements; sourceTree = "<group>"; };
		31CDAB4C2755634300481DB0 /* Tests iOS.xctest */ = {isa = PBXFileReference; explicitFileType = wrapper.cfbundle; includeInIndex = 0; path = "Tests iOS.xctest"; sourceTree = BUILT_PRODUCTS_DIR; };
		31CDAB502755634300481DB0 /* Tests_iOS.swift */ = {isa = PBXFileReference; lastKnownFileType = sourcecode.swift; path = Tests_iOS.swift; sourceTree = "<group>"; };
		31CDAB522755634300481DB0 /* Tests_iOSLaunchTests.swift */ = {isa = PBXFileReference; lastKnownFileType = sourcecode.swift; path = Tests_iOSLaunchTests.swift; sourceTree = "<group>"; };
		31CDAB582755634300481DB0 /* Tests macOS.xctest */ = {isa = PBXFileReference; explicitFileType = wrapper.cfbundle; includeInIndex = 0; path = "Tests macOS.xctest"; sourceTree = BUILT_PRODUCTS_DIR; };
		31CDAB5C2755634300481DB0 /* Tests_macOS.swift */ = {isa = PBXFileReference; lastKnownFileType = sourcecode.swift; path = Tests_macOS.swift; sourceTree = "<group>"; };
		31CDAB5E2755634300481DB0 /* Tests_macOSLaunchTests.swift */ = {isa = PBXFileReference; lastKnownFileType = sourcecode.swift; path = Tests_macOSLaunchTests.swift; sourceTree = "<group>"; };
		31CDAB7D275565FA00481DB0 /* MovieSearchViewModel.swift */ = {isa = PBXFileReference; lastKnownFileType = sourcecode.swift; path = MovieSearchViewModel.swift; sourceTree = "<group>"; };
		31CDAB7F2755663500481DB0 /* ExampleView.swift */ = {isa = PBXFileReference; lastKnownFileType = sourcecode.swift; path = ExampleView.swift; sourceTree = "<group>"; };
/* End PBXFileReference section */

/* Begin PBXFrameworksBuildPhase section */
		31CDAB3C2755634300481DB0 /* Frameworks */ = {
			isa = PBXFrameworksBuildPhase;
			buildActionMask = 2147483647;
			files = (
			);
			runOnlyForDeploymentPostprocessing = 0;
		};
		31CDAB422755634300481DB0 /* Frameworks */ = {
			isa = PBXFrameworksBuildPhase;
			buildActionMask = 2147483647;
			files = (
			);
			runOnlyForDeploymentPostprocessing = 0;
		};
		31CDAB492755634300481DB0 /* Frameworks */ = {
			isa = PBXFrameworksBuildPhase;
			buildActionMask = 2147483647;
			files = (
			);
			runOnlyForDeploymentPostprocessing = 0;
		};
		31CDAB552755634300481DB0 /* Frameworks */ = {
			isa = PBXFrameworksBuildPhase;
			buildActionMask = 2147483647;
			files = (
			);
			runOnlyForDeploymentPostprocessing = 0;
		};
/* End PBXFrameworksBuildPhase section */

/* Begin PBXGroup section */
		31CDAB2F2755633B00481DB0 = {
			isa = PBXGroup;
			children = (
				31CDAB342755633C00481DB0 /* Shared */,
				31CDAB462755634300481DB0 /* macOS */,
				31CDAB4F2755634300481DB0 /* Tests iOS */,
				31CDAB5B2755634300481DB0 /* Tests macOS */,
				31CDAB402755634300481DB0 /* Products */,
			);
			sourceTree = "<group>";
		};
		31CDAB342755633C00481DB0 /* Shared */ = {
			isa = PBXGroup;
			children = (
				31CDAB372755633C00481DB0 /* HollyDBApp.swift */,
				31CDAB782755635100481DB0 /* Models */,
				31CDAB792755635800481DB0 /* Views */,
				31CDAB7A2755636600481DB0 /* ViewModels */,
				31CDAB7B275565A500481DB0 /* Services */,
				31CDAB7C275565B200481DB0 /* Storage */,
				31CDAB3A2755634300481DB0 /* Assets.xcassets */,
			);
			path = Shared;
			sourceTree = "<group>";
		};
		31CDAB402755634300481DB0 /* Products */ = {
			isa = PBXGroup;
			children = (
				31CDAB3F2755634300481DB0 /* HollyDB.app */,
				31CDAB452755634300481DB0 /* HollyDB.app */,
				31CDAB4C2755634300481DB0 /* Tests iOS.xctest */,
				31CDAB582755634300481DB0 /* Tests macOS.xctest */,
			);
			name = Products;
			sourceTree = "<group>";
		};
		31CDAB462755634300481DB0 /* macOS */ = {
			isa = PBXGroup;
			children = (
				31CDAB472755634300481DB0 /* macOS.entitlements */,
			);
			path = macOS;
			sourceTree = "<group>";
		};
		31CDAB4F2755634300481DB0 /* Tests iOS */ = {
			isa = PBXGroup;
			children = (
				31CDAB502755634300481DB0 /* Tests_iOS.swift */,
				31CDAB522755634300481DB0 /* Tests_iOSLaunchTests.swift */,
			);
			path = "Tests iOS";
			sourceTree = "<group>";
		};
		31CDAB5B2755634300481DB0 /* Tests macOS */ = {
			isa = PBXGroup;
			children = (
				31CDAB5C2755634300481DB0 /* Tests_macOS.swift */,
				31CDAB5E2755634300481DB0 /* Tests_macOSLaunchTests.swift */,
			);
			path = "Tests macOS";
			sourceTree = "<group>";
		};
		31CDAB782755635100481DB0 /* Models */ = {
			isa = PBXGroup;
			children = (
				31CDAB352755633C00481DB0 /* HollyDB.xcdatamodeld */,
			);
			path = Models;
			sourceTree = "<group>";
		};
		31CDAB792755635800481DB0 /* Views */ = {
			isa = PBXGroup;
			children = (
				31CDAB382755633C00481DB0 /* MovieSearchView.swift */,
				31CDAB7F2755663500481DB0 /* ExampleView.swift */,
			);
			path = Views;
			sourceTree = "<group>";
		};
		31CDAB7A2755636600481DB0 /* ViewModels */ = {
			isa = PBXGroup;
			children = (
				31CDAB7D275565FA00481DB0 /* MovieSearchViewModel.swift */,
			);
			path = ViewModels;
			sourceTree = "<group>";
		};
		31CDAB7B275565A500481DB0 /* Services */ = {
			isa = PBXGroup;
			children = (
			);
			path = Services;
			sourceTree = "<group>";
		};
		31CDAB7C275565B200481DB0 /* Storage */ = {
			isa = PBXGroup;
			children = (
				31CDAB392755633C00481DB0 /* Persistence.swift */,
			);
			path = Storage;
			sourceTree = "<group>";
		};
/* End PBXGroup section */

/* Begin PBXNativeTarget section */
		31CDAB3E2755634300481DB0 /* HollyDB (iOS) */ = {
			isa = PBXNativeTarget;
			buildConfigurationList = 31CDAB6C2755634300481DB0 /* Build configuration list for PBXNativeTarget "HollyDB (iOS)" */;
			buildPhases = (
				31CDAB3B2755634300481DB0 /* Sources */,
				31CDAB3C2755634300481DB0 /* Frameworks */,
				31CDAB3D2755634300481DB0 /* Resources */,
			);
			buildRules = (
			);
			dependencies = (
			);
			name = "HollyDB (iOS)";
			productName = "HollyDB (iOS)";
			productReference = 31CDAB3F2755634300481DB0 /* HollyDB.app */;
			productType = "com.apple.product-type.application";
		};
		31CDAB442755634300481DB0 /* HollyDB (macOS) */ = {
			isa = PBXNativeTarget;
			buildConfigurationList = 31CDAB6F2755634300481DB0 /* Build configuration list for PBXNativeTarget "HollyDB (macOS)" */;
			buildPhases = (
				31CDAB412755634300481DB0 /* Sources */,
				31CDAB422755634300481DB0 /* Frameworks */,
				31CDAB432755634300481DB0 /* Resources */,
			);
			buildRules = (
			);
			dependencies = (
			);
			name = "HollyDB (macOS)";
			productName = "HollyDB (macOS)";
			productReference = 31CDAB452755634300481DB0 /* HollyDB.app */;
			productType = "com.apple.product-type.application";
		};
		31CDAB4B2755634300481DB0 /* Tests iOS */ = {
			isa = PBXNativeTarget;
			buildConfigurationList = 31CDAB722755634300481DB0 /* Build configuration list for PBXNativeTarget "Tests iOS" */;
			buildPhases = (
				31CDAB482755634300481DB0 /* Sources */,
				31CDAB492755634300481DB0 /* Frameworks */,
				31CDAB4A2755634300481DB0 /* Resources */,
			);
			buildRules = (
			);
			dependencies = (
				31CDAB4E2755634300481DB0 /* PBXTargetDependency */,
			);
			name = "Tests iOS";
			productName = "Tests iOS";
			productReference = 31CDAB4C2755634300481DB0 /* Tests iOS.xctest */;
			productType = "com.apple.product-type.bundle.ui-testing";
		};
		31CDAB572755634300481DB0 /* Tests macOS */ = {
			isa = PBXNativeTarget;
			buildConfigurationList = 31CDAB752755634300481DB0 /* Build configuration list for PBXNativeTarget "Tests macOS" */;
			buildPhases = (
				31CDAB542755634300481DB0 /* Sources */,
				31CDAB552755634300481DB0 /* Frameworks */,
				31CDAB562755634300481DB0 /* Resources */,
			);
			buildRules = (
			);
			dependencies = (
				31CDAB5A2755634300481DB0 /* PBXTargetDependency */,
			);
			name = "Tests macOS";
			productName = "Tests macOS";
			productReference = 31CDAB582755634300481DB0 /* Tests macOS.xctest */;
			productType = "com.apple.product-type.bundle.ui-testing";
		};
/* End PBXNativeTarget section */

/* Begin PBXProject section */
		31CDAB302755633B00481DB0 /* Project object */ = {
			isa = PBXProject;
			attributes = {
				BuildIndependentTargetsInParallel = 1;
				LastSwiftUpdateCheck = 1320;
				LastUpgradeCheck = 1320;
				TargetAttributes = {
					31CDAB3E2755634300481DB0 = {
						CreatedOnToolsVersion = 13.2;
					};
					31CDAB442755634300481DB0 = {
						CreatedOnToolsVersion = 13.2;
					};
					31CDAB4B2755634300481DB0 = {
						CreatedOnToolsVersion = 13.2;
						TestTargetID = 31CDAB3E2755634300481DB0;
					};
					31CDAB572755634300481DB0 = {
						CreatedOnToolsVersion = 13.2;
						TestTargetID = 31CDAB442755634300481DB0;
					};
				};
			};
			buildConfigurationList = 31CDAB332755633B00481DB0 /* Build configuration list for PBXProject "HollyDB" */;
			compatibilityVersion = "Xcode 13.0";
			developmentRegion = en;
			hasScannedForEncodings = 0;
			knownRegions = (
				en,
				Base,
			);
			mainGroup = 31CDAB2F2755633B00481DB0;
			productRefGroup = 31CDAB402755634300481DB0 /* Products */;
			projectDirPath = "";
			projectRoot = "";
			targets = (
				31CDAB3E2755634300481DB0 /* HollyDB (iOS) */,
				31CDAB442755634300481DB0 /* HollyDB (macOS) */,
				31CDAB4B2755634300481DB0 /* Tests iOS */,
				31CDAB572755634300481DB0 /* Tests macOS */,
			);
		};
/* End PBXProject section */

/* Begin PBXResourcesBuildPhase section */
		31CDAB3D2755634300481DB0 /* Resources */ = {
			isa = PBXResourcesBuildPhase;
			buildActionMask = 2147483647;
			files = (
				31CDAB682755634300481DB0 /* Assets.xcassets in Resources */,
			);
			runOnlyForDeploymentPostprocessing = 0;
		};
		31CDAB432755634300481DB0 /* Resources */ = {
			isa = PBXResourcesBuildPhase;
			buildActionMask = 2147483647;
			files = (
				31CDAB692755634300481DB0 /* Assets.xcassets in Resources */,
			);
			runOnlyForDeploymentPostprocessing = 0;
		};
		31CDAB4A2755634300481DB0 /* Resources */ = {
			isa = PBXResourcesBuildPhase;
			buildActionMask = 2147483647;
			files = (
			);
			runOnlyForDeploymentPostprocessing = 0;
		};
		31CDAB562755634300481DB0 /* Resources */ = {
			isa = PBXResourcesBuildPhase;
			buildActionMask = 2147483647;
			files = (
			);
			runOnlyForDeploymentPostprocessing = 0;
		};
/* End PBXResourcesBuildPhase section */

/* Begin PBXSourcesBuildPhase section */
		31CDAB3B2755634300481DB0 /* Sources */ = {
			isa = PBXSourcesBuildPhase;
			buildActionMask = 2147483647;
			files = (
				31CDAB7E275565FA00481DB0 /* MovieSearchViewModel.swift in Sources */,
				31CDAB622755634300481DB0 /* HollyDBApp.swift in Sources */,
				31CDAB802755663500481DB0 /* ExampleView.swift in Sources */,
				31CDAB662755634300481DB0 /* Persistence.swift in Sources */,
				31CDAB602755634300481DB0 /* HollyDB.xcdatamodeld in Sources */,
				31CDAB642755634300481DB0 /* MovieSearchView.swift in Sources */,
			);
			runOnlyForDeploymentPostprocessing = 0;
		};
		31CDAB412755634300481DB0 /* Sources */ = {
			isa = PBXSourcesBuildPhase;
			buildActionMask = 2147483647;
			files = (
				31CDAB632755634300481DB0 /* HollyDBApp.swift in Sources */,
				31CDAB672755634300481DB0 /* Persistence.swift in Sources */,
				31CDAB612755634300481DB0 /* HollyDB.xcdatamodeld in Sources */,
				31CDAB652755634300481DB0 /* MovieSearchView.swift in Sources */,
			);
			runOnlyForDeploymentPostprocessing = 0;
		};
		31CDAB482755634300481DB0 /* Sources */ = {
			isa = PBXSourcesBuildPhase;
			buildActionMask = 2147483647;
			files = (
				31CDAB532755634300481DB0 /* Tests_iOSLaunchTests.swift in Sources */,
				31CDAB512755634300481DB0 /* Tests_iOS.swift in Sources */,
			);
			runOnlyForDeploymentPostprocessing = 0;
		};
		31CDAB542755634300481DB0 /* Sources */ = {
			isa = PBXSourcesBuildPhase;
			buildActionMask = 2147483647;
			files = (
				31CDAB5F2755634300481DB0 /* Tests_macOSLaunchTests.swift in Sources */,
				31CDAB5D2755634300481DB0 /* Tests_macOS.swift in Sources */,
			);
			runOnlyForDeploymentPostprocessing = 0;
		};
/* End PBXSourcesBuildPhase section */

/* Begin PBXTargetDependency section */
		31CDAB4E2755634300481DB0 /* PBXTargetDependency */ = {
			isa = PBXTargetDependency;
			target = 31CDAB3E2755634300481DB0 /* HollyDB (iOS) */;
			targetProxy = 31CDAB4D2755634300481DB0 /* PBXContainerItemProxy */;
		};
		31CDAB5A2755634300481DB0 /* PBXTargetDependency */ = {
			isa = PBXTargetDependency;
			target = 31CDAB442755634300481DB0 /* HollyDB (macOS) */;
			targetProxy = 31CDAB592755634300481DB0 /* PBXContainerItemProxy */;
		};
/* End PBXTargetDependency section */

/* Begin XCBuildConfiguration section */
		31CDAB6A2755634300481DB0 /* Debug */ = {
			isa = XCBuildConfiguration;
			buildSettings = {
				ALWAYS_SEARCH_USER_PATHS = NO;
				CLANG_ANALYZER_NONNULL = YES;
				CLANG_ANALYZER_NUMBER_OBJECT_CONVERSION = YES_AGGRESSIVE;
				CLANG_CXX_LANGUAGE_STANDARD = "gnu++17";
				CLANG_CXX_LIBRARY = "libc++";
				CLANG_ENABLE_MODULES = YES;
				CLANG_ENABLE_OBJC_ARC = YES;
				CLANG_ENABLE_OBJC_WEAK = YES;
				CLANG_WARN_BLOCK_CAPTURE_AUTORELEASING = YES;
				CLANG_WARN_BOOL_CONVERSION = YES;
				CLANG_WARN_COMMA = YES;
				CLANG_WARN_CONSTANT_CONVERSION = YES;
				CLANG_WARN_DEPRECATED_OBJC_IMPLEMENTATIONS = YES;
				CLANG_WARN_DIRECT_OBJC_ISA_USAGE = YES_ERROR;
				CLANG_WARN_DOCUMENTATION_COMMENTS = YES;
				CLANG_WARN_EMPTY_BODY = YES;
				CLANG_WARN_ENUM_CONVERSION = YES;
				CLANG_WARN_INFINITE_RECURSION = YES;
				CLANG_WARN_INT_CONVERSION = YES;
				CLANG_WARN_NON_LITERAL_NULL_CONVERSION = YES;
				CLANG_WARN_OBJC_IMPLICIT_RETAIN_SELF = YES;
				CLANG_WARN_OBJC_LITERAL_CONVERSION = YES;
				CLANG_WARN_OBJC_ROOT_CLASS = YES_ERROR;
				CLANG_WARN_QUOTED_INCLUDE_IN_FRAMEWORK_HEADER = YES;
				CLANG_WARN_RANGE_LOOP_ANALYSIS = YES;
				CLANG_WARN_STRICT_PROTOTYPES = YES;
				CLANG_WARN_SUSPICIOUS_MOVE = YES;
				CLANG_WARN_UNGUARDED_AVAILABILITY = YES_AGGRESSIVE;
				CLANG_WARN_UNREACHABLE_CODE = YES;
				CLANG_WARN__DUPLICATE_METHOD_MATCH = YES;
				COPY_PHASE_STRIP = NO;
				DEBUG_INFORMATION_FORMAT = dwarf;
				ENABLE_STRICT_OBJC_MSGSEND = YES;
				ENABLE_TESTABILITY = YES;
				GCC_C_LANGUAGE_STANDARD = gnu11;
				GCC_DYNAMIC_NO_PIC = NO;
				GCC_NO_COMMON_BLOCKS = YES;
				GCC_OPTIMIZATION_LEVEL = 0;
				GCC_PREPROCESSOR_DEFINITIONS = (
					"DEBUG=1",
					"$(inherited)",
				);
				GCC_WARN_64_TO_32_BIT_CONVERSION = YES;
				GCC_WARN_ABOUT_RETURN_TYPE = YES_ERROR;
				GCC_WARN_UNDECLARED_SELECTOR = YES;
				GCC_WARN_UNINITIALIZED_AUTOS = YES_AGGRESSIVE;
				GCC_WARN_UNUSED_FUNCTION = YES;
				GCC_WARN_UNUSED_VARIABLE = YES;
				MTL_ENABLE_DEBUG_INFO = INCLUDE_SOURCE;
				MTL_FAST_MATH = YES;
				ONLY_ACTIVE_ARCH = YES;
				SWIFT_ACTIVE_COMPILATION_CONDITIONS = DEBUG;
				SWIFT_OPTIMIZATION_LEVEL = "-Onone";
			};
			name = Debug;
		};
		31CDAB6B2755634300481DB0 /* Release */ = {
			isa = XCBuildConfiguration;
			buildSettings = {
				ALWAYS_SEARCH_USER_PATHS = NO;
				CLANG_ANALYZER_NONNULL = YES;
				CLANG_ANALYZER_NUMBER_OBJECT_CONVERSION = YES_AGGRESSIVE;
				CLANG_CXX_LANGUAGE_STANDARD = "gnu++17";
				CLANG_CXX_LIBRARY = "libc++";
				CLANG_ENABLE_MODULES = YES;
				CLANG_ENABLE_OBJC_ARC = YES;
				CLANG_ENABLE_OBJC_WEAK = YES;
				CLANG_WARN_BLOCK_CAPTURE_AUTORELEASING = YES;
				CLANG_WARN_BOOL_CONVERSION = YES;
				CLANG_WARN_COMMA = YES;
				CLANG_WARN_CONSTANT_CONVERSION = YES;
				CLANG_WARN_DEPRECATED_OBJC_IMPLEMENTATIONS = YES;
				CLANG_WARN_DIRECT_OBJC_ISA_USAGE = YES_ERROR;
				CLANG_WARN_DOCUMENTATION_COMMENTS = YES;
				CLANG_WARN_EMPTY_BODY = YES;
				CLANG_WARN_ENUM_CONVERSION = YES;
				CLANG_WARN_INFINITE_RECURSION = YES;
				CLANG_WARN_INT_CONVERSION = YES;
				CLANG_WARN_NON_LITERAL_NULL_CONVERSION = YES;
				CLANG_WARN_OBJC_IMPLICIT_RETAIN_SELF = YES;
				CLANG_WARN_OBJC_LITERAL_CONVERSION = YES;
				CLANG_WARN_OBJC_ROOT_CLASS = YES_ERROR;
				CLANG_WARN_QUOTED_INCLUDE_IN_FRAMEWORK_HEADER = YES;
				CLANG_WARN_RANGE_LOOP_ANALYSIS = YES;
				CLANG_WARN_STRICT_PROTOTYPES = YES;
				CLANG_WARN_SUSPICIOUS_MOVE = YES;
				CLANG_WARN_UNGUARDED_AVAILABILITY = YES_AGGRESSIVE;
				CLANG_WARN_UNREACHABLE_CODE = YES;
				CLANG_WARN__DUPLICATE_METHOD_MATCH = YES;
				COPY_PHASE_STRIP = NO;
				DEBUG_INFORMATION_FORMAT = "dwarf-with-dsym";
				ENABLE_NS_ASSERTIONS = NO;
				ENABLE_STRICT_OBJC_MSGSEND = YES;
				GCC_C_LANGUAGE_STANDARD = gnu11;
				GCC_NO_COMMON_BLOCKS = YES;
				GCC_WARN_64_TO_32_BIT_CONVERSION = YES;
				GCC_WARN_ABOUT_RETURN_TYPE = YES_ERROR;
				GCC_WARN_UNDECLARED_SELECTOR = YES;
				GCC_WARN_UNINITIALIZED_AUTOS = YES_AGGRESSIVE;
				GCC_WARN_UNUSED_FUNCTION = YES;
				GCC_WARN_UNUSED_VARIABLE = YES;
				MTL_ENABLE_DEBUG_INFO = NO;
				MTL_FAST_MATH = YES;
				SWIFT_COMPILATION_MODE = wholemodule;
				SWIFT_OPTIMIZATION_LEVEL = "-O";
			};
			name = Release;
		};
		31CDAB6D2755634300481DB0 /* Debug */ = {
			isa = XCBuildConfiguration;
			buildSettings = {
				ASSETCATALOG_COMPILER_APPICON_NAME = AppIcon;
				ASSETCATALOG_COMPILER_GLOBAL_ACCENT_COLOR_NAME = AccentColor;
				CODE_SIGN_STYLE = Automatic;
				CURRENT_PROJECT_VERSION = 1;
				DEVELOPMENT_TEAM = G6J4RFMLHY;
				ENABLE_PREVIEWS = YES;
				GENERATE_INFOPLIST_FILE = YES;
				INFOPLIST_KEY_UIApplicationSceneManifest_Generation = YES;
				INFOPLIST_KEY_UIApplicationSupportsIndirectInputEvents = YES;
				INFOPLIST_KEY_UILaunchScreen_Generation = YES;
				INFOPLIST_KEY_UISupportedInterfaceOrientations_iPad = "UIInterfaceOrientationPortrait UIInterfaceOrientationPortraitUpsideDown UIInterfaceOrientationLandscapeLeft UIInterfaceOrientationLandscapeRight";
				INFOPLIST_KEY_UISupportedInterfaceOrientations_iPhone = "UIInterfaceOrientationPortrait UIInterfaceOrientationLandscapeLeft UIInterfaceOrientationLandscapeRight";
				IPHONEOS_DEPLOYMENT_TARGET = 15.2;
				LD_RUNPATH_SEARCH_PATHS = (
					"$(inherited)",
					"@executable_path/Frameworks",
				);
				MARKETING_VERSION = 1.0;
				PRODUCT_BUNDLE_IDENTIFIER = com.frederickjavalera.HollyDB;
				PRODUCT_NAME = HollyDB;
				SDKROOT = iphoneos;
				SWIFT_EMIT_LOC_STRINGS = YES;
				SWIFT_VERSION = 5.0;
				TARGETED_DEVICE_FAMILY = "1,2";
			};
			name = Debug;
		};
		31CDAB6E2755634300481DB0 /* Release */ = {
			isa = XCBuildConfiguration;
			buildSettings = {
				ASSETCATALOG_COMPILER_APPICON_NAME = AppIcon;
				ASSETCATALOG_COMPILER_GLOBAL_ACCENT_COLOR_NAME = AccentColor;
				CODE_SIGN_STYLE = Automatic;
				CURRENT_PROJECT_VERSION = 1;
				DEVELOPMENT_TEAM = G6J4RFMLHY;
				ENABLE_PREVIEWS = YES;
				GENERATE_INFOPLIST_FILE = YES;
				INFOPLIST_KEY_UIApplicationSceneManifest_Generation = YES;
				INFOPLIST_KEY_UIApplicationSupportsIndirectInputEvents = YES;
				INFOPLIST_KEY_UILaunchScreen_Generation = YES;
				INFOPLIST_KEY_UISupportedInterfaceOrientations_iPad = "UIInterfaceOrientationPortrait UIInterfaceOrientationPortraitUpsideDown UIInterfaceOrientationLandscapeLeft UIInterfaceOrientationLandscapeRight";
				INFOPLIST_KEY_UISupportedInterfaceOrientations_iPhone = "UIInterfaceOrientationPortrait UIInterfaceOrientationLandscapeLeft UIInterfaceOrientationLandscapeRight";
				IPHONEOS_DEPLOYMENT_TARGET = 15.2;
				LD_RUNPATH_SEARCH_PATHS = (
					"$(inherited)",
					"@executable_path/Frameworks",
				);
				MARKETING_VERSION = 1.0;
				PRODUCT_BUNDLE_IDENTIFIER = com.frederickjavalera.HollyDB;
				PRODUCT_NAME = HollyDB;
				SDKROOT = iphoneos;
				SWIFT_EMIT_LOC_STRINGS = YES;
				SWIFT_VERSION = 5.0;
				TARGETED_DEVICE_FAMILY = "1,2";
				VALIDATE_PRODUCT = YES;
			};
			name = Release;
		};
		31CDAB702755634300481DB0 /* Debug */ = {
			isa = XCBuildConfiguration;
			buildSettings = {
				ASSETCATALOG_COMPILER_APPICON_NAME = AppIcon;
				ASSETCATALOG_COMPILER_GLOBAL_ACCENT_COLOR_NAME = AccentColor;
				CODE_SIGN_ENTITLEMENTS = macOS/macOS.entitlements;
				CODE_SIGN_STYLE = Automatic;
				COMBINE_HIDPI_IMAGES = YES;
				CURRENT_PROJECT_VERSION = 1;
				DEVELOPMENT_TEAM = G6J4RFMLHY;
				ENABLE_HARDENED_RUNTIME = YES;
				ENABLE_PREVIEWS = YES;
				GENERATE_INFOPLIST_FILE = YES;
				INFOPLIST_KEY_NSHumanReadableCopyright = "";
				LD_RUNPATH_SEARCH_PATHS = (
					"$(inherited)",
					"@executable_path/../Frameworks",
				);
				MACOSX_DEPLOYMENT_TARGET = 12.0;
				MARKETING_VERSION = 1.0;
				PRODUCT_BUNDLE_IDENTIFIER = com.frederickjavalera.HollyDB;
				PRODUCT_NAME = HollyDB;
				SDKROOT = macosx;
				SWIFT_EMIT_LOC_STRINGS = YES;
				SWIFT_VERSION = 5.0;
			};
			name = Debug;
		};
		31CDAB712755634300481DB0 /* Release */ = {
			isa = XCBuildConfiguration;
			buildSettings = {
				ASSETCATALOG_COMPILER_APPICON_NAME = AppIcon;
				ASSETCATALOG_COMPILER_GLOBAL_ACCENT_COLOR_NAME = AccentColor;
				CODE_SIGN_ENTITLEMENTS = macOS/macOS.entitlements;
				CODE_SIGN_STYLE = Automatic;
				COMBINE_HIDPI_IMAGES = YES;
				CURRENT_PROJECT_VERSION = 1;
				DEVELOPMENT_TEAM = G6J4RFMLHY;
				ENABLE_HARDENED_RUNTIME = YES;
				ENABLE_PREVIEWS = YES;
				GENERATE_INFOPLIST_FILE = YES;
				INFOPLIST_KEY_NSHumanReadableCopyright = "";
				LD_RUNPATH_SEARCH_PATHS = (
					"$(inherited)",
					"@executable_path/../Frameworks",
				);
				MACOSX_DEPLOYMENT_TARGET = 12.0;
				MARKETING_VERSION = 1.0;
				PRODUCT_BUNDLE_IDENTIFIER = com.frederickjavalera.HollyDB;
				PRODUCT_NAME = HollyDB;
				SDKROOT = macosx;
				SWIFT_EMIT_LOC_STRINGS = YES;
				SWIFT_VERSION = 5.0;
			};
			name = Release;
		};
		31CDAB732755634300481DB0 /* Debug */ = {
			isa = XCBuildConfiguration;
			buildSettings = {
				ALWAYS_EMBED_SWIFT_STANDARD_LIBRARIES = YES;
				CODE_SIGN_STYLE = Automatic;
				CURRENT_PROJECT_VERSION = 1;
				DEVELOPMENT_TEAM = G6J4RFMLHY;
				GENERATE_INFOPLIST_FILE = YES;
				IPHONEOS_DEPLOYMENT_TARGET = 15.2;
				MARKETING_VERSION = 1.0;
				PRODUCT_BUNDLE_IDENTIFIER = "com.frederickjavalera.Tests-iOS";
				PRODUCT_NAME = "$(TARGET_NAME)";
				SDKROOT = iphoneos;
				SWIFT_EMIT_LOC_STRINGS = NO;
				SWIFT_VERSION = 5.0;
				TARGETED_DEVICE_FAMILY = "1,2";
				TEST_TARGET_NAME = "HollyDB (iOS)";
			};
			name = Debug;
		};
		31CDAB742755634300481DB0 /* Release */ = {
			isa = XCBuildConfiguration;
			buildSettings = {
				ALWAYS_EMBED_SWIFT_STANDARD_LIBRARIES = YES;
				CODE_SIGN_STYLE = Automatic;
				CURRENT_PROJECT_VERSION = 1;
				DEVELOPMENT_TEAM = G6J4RFMLHY;
				GENERATE_INFOPLIST_FILE = YES;
				IPHONEOS_DEPLOYMENT_TARGET = 15.2;
				MARKETING_VERSION = 1.0;
				PRODUCT_BUNDLE_IDENTIFIER = "com.frederickjavalera.Tests-iOS";
				PRODUCT_NAME = "$(TARGET_NAME)";
				SDKROOT = iphoneos;
				SWIFT_EMIT_LOC_STRINGS = NO;
				SWIFT_VERSION = 5.0;
				TARGETED_DEVICE_FAMILY = "1,2";
				TEST_TARGET_NAME = "HollyDB (iOS)";
				VALIDATE_PRODUCT = YES;
			};
			name = Release;
		};
		31CDAB762755634300481DB0 /* Debug */ = {
			isa = XCBuildConfiguration;
			buildSettings = {
				ALWAYS_EMBED_SWIFT_STANDARD_LIBRARIES = YES;
				CODE_SIGN_STYLE = Automatic;
				CURRENT_PROJECT_VERSION = 1;
				DEVELOPMENT_TEAM = G6J4RFMLHY;
				GENERATE_INFOPLIST_FILE = YES;
				MACOSX_DEPLOYMENT_TARGET = 12.0;
				MARKETING_VERSION = 1.0;
				PRODUCT_BUNDLE_IDENTIFIER = "com.frederickjavalera.Tests-macOS";
				PRODUCT_NAME = "$(TARGET_NAME)";
				SDKROOT = macosx;
				SWIFT_EMIT_LOC_STRINGS = NO;
				SWIFT_VERSION = 5.0;
				TEST_TARGET_NAME = "HollyDB (macOS)";
			};
			name = Debug;
		};
		31CDAB772755634300481DB0 /* Release */ = {
			isa = XCBuildConfiguration;
			buildSettings = {
				ALWAYS_EMBED_SWIFT_STANDARD_LIBRARIES = YES;
				CODE_SIGN_STYLE = Automatic;
				CURRENT_PROJECT_VERSION = 1;
				DEVELOPMENT_TEAM = G6J4RFMLHY;
				GENERATE_INFOPLIST_FILE = YES;
				MACOSX_DEPLOYMENT_TARGET = 12.0;
				MARKETING_VERSION = 1.0;
				PRODUCT_BUNDLE_IDENTIFIER = "com.frederickjavalera.Tests-macOS";
				PRODUCT_NAME = "$(TARGET_NAME)";
				SDKROOT = macosx;
				SWIFT_EMIT_LOC_STRINGS = NO;
				SWIFT_VERSION = 5.0;
				TEST_TARGET_NAME = "HollyDB (macOS)";
			};
			name = Release;
		};
/* End XCBuildConfiguration section */

/* Begin XCConfigurationList section */
		31CDAB332755633B00481DB0 /* Build configuration list for PBXProject "HollyDB" */ = {
			isa = XCConfigurationList;
			buildConfigurations = (
				31CDAB6A2755634300481DB0 /* Debug */,
				31CDAB6B2755634300481DB0 /* Release */,
			);
			defaultConfigurationIsVisible = 0;
			defaultConfigurationName = Release;
		};
		31CDAB6C2755634300481DB0 /* Build configuration list for PBXNativeTarget "HollyDB (iOS)" */ = {
			isa = XCConfigurationList;
			buildConfigurations = (
				31CDAB6D2755634300481DB0 /* Debug */,
				31CDAB6E2755634300481DB0 /* Release */,
			);
			defaultConfigurationIsVisible = 0;
			defaultConfigurationName = Release;
		};
		31CDAB6F2755634300481DB0 /* Build configuration list for PBXNativeTarget "HollyDB (macOS)" */ = {
			isa = XCConfigurationList;
			buildConfigurations = (
				31CDAB702755634300481DB0 /* Debug */,
				31CDAB712755634300481DB0 /* Release */,
			);
			defaultConfigurationIsVisible = 0;
			defaultConfigurationName = Release;
		};
		31CDAB722755634300481DB0 /* Build configuration list for PBXNativeTarget "Tests iOS" */ = {
			isa = XCConfigurationList;
			buildConfigurations = (
				31CDAB732755634300481DB0 /* Debug */,
				31CDAB742755634300481DB0 /* Release */,
			);
			defaultConfigurationIsVisible = 0;
			defaultConfigurationName = Release;
		};
		31CDAB752755634300481DB0 /* Build configuration list for PBXNativeTarget "Tests macOS" */ = {
			isa = XCConfigurationList;
			buildConfigurations = (
				31CDAB762755634300481DB0 /* Debug */,
				31CDAB772755634300481DB0 /* Release */,
			);
			defaultConfigurationIsVisible = 0;
			defaultConfigurationName = Release;
		};
/* End XCConfigurationList section */

/* Begin XCVersionGroup section */
		31CDAB352755633C00481DB0 /* HollyDB.xcdatamodeld */ = {
			isa = XCVersionGroup;
			children = (
				31CDAB362755633C00481DB0 /* Shared.xcdatamodel */,
			);
			currentVersion = 31CDAB362755633C00481DB0 /* Shared.xcdatamodel */;
			path = HollyDB.xcdatamodeld;
			sourceTree = "<group>";
			versionGroupType = wrapper.xcdatamodel;
		};
/* End XCVersionGroup section */
	};
	rootObject = 31CDAB302755633B00481DB0 /* Project object */;
}
